
Microsoft Visual Studio Solution File, Format Version 12.00
# Visual Studio Version 16
VisualStudioVersion = 16.0.34031.81
MinimumVisualStudioVersion = 10.0.40219.1
Project("{FAE04EC0-301F-11D3-BF4B-00C04F79EFBC}") = "BT01", "BT01\BT01.csproj", "{F3BD877D-AA78-4510-97C4-CF1FBFC78B6E}"
EndProject
Project("{FAE04EC0-301F-11D3-BF4B-00C04F79EFBC}") = "BT02", "BT02\BT02.csproj", "{D72E3192-9833-4EEE-84BD-05E2946925EB}"
EndProject
Global
	GlobalSection(SolutionConfigurationPlatforms) = preSolution
		Debug|Any CPU = Debug|Any CPU
		Release|Any CPU = Release|Any CPU
	EndGlobalSection
	GlobalSection(ProjectConfigurationPlatforms) = postSolution
		{F3BD877D-AA78-4510-97C4-CF1FBFC78B6E}.Debug|Any CPU.ActiveCfg = Debug|Any CPU
		{F3BD877D-AA78-4510-97C4-CF1FBFC78B6E}.Debug|Any CPU.Build.0 = Debug|Any CPU
		{F3BD877D-AA78-4510-97C4-CF1FBFC78B6E}.Release|Any CPU.ActiveCfg = Release|Any CPU
		{F3BD877D-AA78-4510-97C4-CF1FBFC78B6E}.Release|Any CPU.Build.0 = Release|Any CPU
		{D72E3192-9833-4EEE-84BD-05E2946925EB}.Debug|Any CPU.ActiveCfg = Debug|Any CPU
		{D72E3192-9833-4EEE-84BD-05E2946925EB}.Debug|Any CPU.Build.0 = Debug|Any CPU
		{D72E3192-9833-4EEE-84BD-05E2946925EB}.Release|Any CPU.ActiveCfg = Release|Any CPU
		{D72E3192-9833-4EEE-84BD-05E2946925EB}.Release|Any CPU.Build.0 = Release|Any CPU
	EndGlobalSection
	GlobalSection(SolutionProperties) = preSolution
		HideSolutionNode = FALSE
	EndGlobalSection
	GlobalSection(ExtensibilityGlobals) = postSolution
		SolutionGuid = {EA304BC2-201A-450E-89D7-54274AFE0964}
	EndGlobalSection
EndGlobal
